{
  "requires": true,
  "lockfileVersion": 1,
  "dependencies": {
    "wutpl": {
      "version": "1.0.2",
      "resolved": "https://registry.npmjs.org/wutpl/-/wutpl-1.0.2.tgz",
      "integrity": "sha512-nS92ct+7kF5n0gOcWoeERZJI8jYg/1FEv2HKTmjXCSd45y+7nQo/j1Mc7hg7auK+lL7OVbVWBZvMtYZPynOEvQ=="
    }
  }
}
